
Microsoft Visual Studio Solution File, Format Version 12.00
# Visual Studio Version 17
VisualStudioVersion = 17.5.002.0
MinimumVisualStudioVersion = 10.0.40219.1
Project("{9A19103F-16F7-4668-BE54-9A1E7A4F7556}") = "decorater_pattern", "decorater_pattern.csproj", "{EA03F1BA-680A-4C19-8845-4CC14D2AFBF0}"
EndProject
Global
	GlobalSection(SolutionConfigurationPlatforms) = preSolution
		Debug|Any CPU = Debug|Any CPU
		Release|Any CPU = Release|Any CPU
	EndGlobalSection
	GlobalSection(ProjectConfigurationPlatforms) = postSolution
		{EA03F1BA-680A-4C19-8845-4CC14D2AFBF0}.Debug|Any CPU.ActiveCfg = Debug|Any CPU
		{EA03F1BA-680A-4C19-8845-4CC14D2AFBF0}.Debug|Any CPU.Build.0 = Debug|Any CPU
		{EA03F1BA-680A-4C19-8845-4CC14D2AFBF0}.Release|Any CPU.ActiveCfg = Release|Any CPU
		{EA03F1BA-680A-4C19-8845-4CC14D2AFBF0}.Release|Any CPU.Build.0 = Release|Any CPU
	EndGlobalSection
	GlobalSection(SolutionProperties) = preSolution
		HideSolutionNode = FALSE
	EndGlobalSection
	GlobalSection(ExtensibilityGlobals) = postSolution
		SolutionGuid = {F43F54E1-08B2-47A7-B87C-CC82D03A6BA3}
	EndGlobalSection
EndGlobal
